
Microsoft Visual Studio Solution File, Format Version 12.00
# Visual Studio Version 16
VisualStudioVersion = 16.6.30114.105
MinimumVisualStudioVersion = 10.0.40219.1
Project("{9A19103F-16F7-4668-BE54-9A1E7A4F7556}") = "R5T.D0097.Base", "R5T.D0097.Base\R5T.D0097.Base.csproj", "{34597CDF-79E6-40DE-A990-87801DE80C5B}"
EndProject
Project("{2150E333-8FDC-42A3-9474-1A3956D46DE8}") = "_Dependencies", "_Dependencies", "{61CDB374-FF06-476E-B4C8-42A76CB792D6}"
EndProject
Project("{9A19103F-16F7-4668-BE54-9A1E7A4F7556}") = "R5T.D0097.I001", "R5T.D0097.I001\R5T.D0097.I001.csproj", "{44A69DFE-6810-4F78-8675-19F7CD1F6EA3}"
EndProject
Project("{9A19103F-16F7-4668-BE54-9A1E7A4F7556}") = "R5T.T0064", "..\..\R5T.T0064\source\R5T.T0064\R5T.T0064.csproj", "{91D9B69E-F06F-4CBA-8A3B-06CB2944AED0}"
EndProject
Project("{9A19103F-16F7-4668-BE54-9A1E7A4F7556}") = "R5T.T0062.X001", "..\..\R5T.T0062\source\R5T.T0062.X001\R5T.T0062.X001.csproj", "{131F4B03-24D1-4BAD-93DE-4DAE4E0FE643}"
EndProject
Project("{9A19103F-16F7-4668-BE54-9A1E7A4F7556}") = "R5T.Magyar", "..\..\R5T.Magyar\source\R5T.Magyar\R5T.Magyar.csproj", "{6436D84E-24B8-4975-865B-833CFA48C454}"
EndProject
Project("{9A19103F-16F7-4668-BE54-9A1E7A4F7556}") = "R5T.L0019", "..\..\R5T.L0019\source\R5T.L0019\R5T.L0019.csproj", "{1040E874-E462-4CFE-9B6D-818680128DD8}"
EndProject
Project("{9A19103F-16F7-4668-BE54-9A1E7A4F7556}") = "R5T.T0090", "..\..\R5T.T0090\source\R5T.T0090\R5T.T0090.csproj", "{BFD9CF91-D724-4BEC-99F0-F7A486A058CB}"
EndProject
Global
	GlobalSection(SolutionConfigurationPlatforms) = preSolution
		Debug|Any CPU = Debug|Any CPU
		Debug|x64 = Debug|x64
		Debug|x86 = Debug|x86
		Release|Any CPU = Release|Any CPU
		Release|x64 = Release|x64
		Release|x86 = Release|x86
	EndGlobalSection
	GlobalSection(ProjectConfigurationPlatforms) = postSolution
		{34597CDF-79E6-40DE-A990-87801DE80C5B}.Debug|Any CPU.ActiveCfg = Debug|Any CPU
		{34597CDF-79E6-40DE-A990-87801DE80C5B}.Debug|Any CPU.Build.0 = Debug|Any CPU
		{34597CDF-79E6-40DE-A990-87801DE80C5B}.Debug|x64.ActiveCfg = Debug|Any CPU
		{34597CDF-79E6-40DE-A990-87801DE80C5B}.Debug|x64.Build.0 = Debug|Any CPU
		{34597CDF-79E6-40DE-A990-87801DE80C5B}.Debug|x86.ActiveCfg = Debug|Any CPU
		{34597CDF-79E6-40DE-A990-87801DE80C5B}.Debug|x86.Build.0 = Debug|Any CPU
		{34597CDF-79E6-40DE-A990-87801DE80C5B}.Release|Any CPU.ActiveCfg = Release|Any CPU
		{34597CDF-79E6-40DE-A990-87801DE80C5B}.Release|Any CPU.Build.0 = Release|Any CPU
		{34597CDF-79E6-40DE-A990-87801DE80C5B}.Release|x64.ActiveCfg = Release|Any CPU
		{34597CDF-79E6-40DE-A990-87801DE80C5B}.Release|x64.Build.0 = Release|Any CPU
		{34597CDF-79E6-40DE-A990-87801DE80C5B}.Release|x86.ActiveCfg = Release|Any CPU
		{34597CDF-79E6-40DE-A990-87801DE80C5B}.Release|x86.Build.0 = Release|Any CPU
		{44A69DFE-6810-4F78-8675-19F7CD1F6EA3}.Debug|Any CPU.ActiveCfg = Debug|Any CPU
		{44A69DFE-6810-4F78-8675-19F7CD1F6EA3}.Debug|Any CPU.Build.0 = Debug|Any CPU
		{44A69DFE-6810-4F78-8675-19F7CD1F6EA3}.Debug|x64.ActiveCfg = Debug|Any CPU
		{44A69DFE-6810-4F78-8675-19F7CD1F6EA3}.Debug|x64.Build.0 = Debug|Any CPU
		{44A69DFE-6810-4F78-8675-19F7CD1F6EA3}.Debug|x86.ActiveCfg = Debug|Any CPU
		{44A69DFE-6810-4F78-8675-19F7CD1F6EA3}.Debug|x86.Build.0 = Debug|Any CPU
		{44A69DFE-6810-4F78-8675-19F7CD1F6EA3}.Release|Any CPU.ActiveCfg = Release|Any CPU
		{44A69DFE-6810-4F78-8675-19F7CD1F6EA3}.Release|Any CPU.Build.0 = Release|Any CPU
		{44A69DFE-6810-4F78-8675-19F7CD1F6EA3}.Release|x64.ActiveCfg = Release|Any CPU
		{44A69DFE-6810-4F78-8675-19F7CD1F6EA3}.Release|x64.Build.0 = Release|Any CPU
		{44A69DFE-6810-4F78-8675-19F7CD1F6EA3}.Release|x86.ActiveCfg = Release|Any CPU
		{44A69DFE-6810-4F78-8675-19F7CD1F6EA3}.Release|x86.Build.0 = Release|Any CPU
		{91D9B69E-F06F-4CBA-8A3B-06CB2944AED0}.Debug|Any CPU.ActiveCfg = Debug|Any CPU
		{91D9B69E-F06F-4CBA-8A3B-06CB2944AED0}.Debug|Any CPU.Build.0 = Debug|Any CPU
		{91D9B69E-F06F-4CBA-8A3B-06CB2944AED0}.Debug|x64.ActiveCfg = Debug|Any CPU
		{91D9B69E-F06F-4CBA-8A3B-06CB2944AED0}.Debug|x64.Build.0 = Debug|Any CPU
		{91D9B69E-F06F-4CBA-8A3B-06CB2944AED0}.Debug|x86.ActiveCfg = Debug|Any CPU
		{91D9B69E-F06F-4CBA-8A3B-06CB2944AED0}.Debug|x86.Build.0 = Debug|Any CPU
		{91D9B69E-F06F-4CBA-8A3B-06CB2944AED0}.Release|Any CPU.ActiveCfg = Release|Any CPU
		{91D9B69E-F06F-4CBA-8A3B-06CB2944AED0}.Release|Any CPU.Build.0 = Release|Any CPU
		{91D9B69E-F06F-4CBA-8A3B-06CB2944AED0}.Release|x64.ActiveCfg = Release|Any CPU
		{91D9B69E-F06F-4CBA-8A3B-06CB2944AED0}.Release|x64.Build.0 = Release|Any CPU
		{91D9B69E-F06F-4CBA-8A3B-06CB2944AED0}.Release|x86.ActiveCfg = Release|Any CPU
		{91D9B69E-F06F-4CBA-8A3B-06CB2944AED0}.Release|x86.Build.0 = Release|Any CPU
		{131F4B03-24D1-4BAD-93DE-4DAE4E0FE643}.Debug|Any CPU.ActiveCfg = Debug|Any CPU
		{131F4B03-24D1-4BAD-93DE-4DAE4E0FE643}.Debug|Any CPU.Build.0 = Debug|Any CPU
		{131F4B03-24D1-4BAD-93DE-4DAE4E0FE643}.Debug|x64.ActiveCfg = Debug|Any CPU
		{131F4B03-24D1-4BAD-93DE-4DAE4E0FE643}.Debug|x64.Build.0 = Debug|Any CPU
		{131F4B03-24D1-4BAD-93DE-4DAE4E0FE643}.Debug|x86.ActiveCfg = Debug|Any CPU
		{131F4B03-24D1-4BAD-93DE-4DAE4E0FE643}.Debug|x86.Build.0 = Debug|Any CPU
		{131F4B03-24D1-4BAD-93DE-4DAE4E0FE643}.Release|Any CPU.ActiveCfg = Release|Any CPU
		{131F4B03-24D1-4BAD-93DE-4DAE4E0FE643}.Release|Any CPU.Build.0 = Release|Any CPU
		{131F4B03-24D1-4BAD-93DE-4DAE4E0FE643}.Release|x64.ActiveCfg = Release|Any CPU
		{131F4B03-24D1-4BAD-93DE-4DAE4E0FE643}.Release|x64.Build.0 = Release|Any CPU
		{131F4B03-24D1-4BAD-93DE-4DAE4E0FE643}.Release|x86.ActiveCfg = Release|Any CPU
		{131F4B03-24D1-4BAD-93DE-4DAE4E0FE643}.Release|x86.Build.0 = Release|Any CPU
		{6436D84E-24B8-4975-865B-833CFA48C454}.Debug|Any CPU.ActiveCfg = Debug|Any CPU
		{6436D84E-24B8-4975-865B-833CFA48C454}.Debug|Any CPU.Build.0 = Debug|Any CPU
		{6436D84E-24B8-4975-865B-833CFA48C454}.Debug|x64.ActiveCfg = Debug|Any CPU
		{6436D84E-24B8-4975-865B-833CFA48C454}.Debug|x64.Build.0 = Debug|Any CPU
		{6436D84E-24B8-4975-865B-833CFA48C454}.Debug|x86.ActiveCfg = Debug|Any CPU
		{6436D84E-24B8-4975-865B-833CFA48C454}.Debug|x86.Build.0 = Debug|Any CPU
		{6436D84E-24B8-4975-865B-833CFA48C454}.Release|Any CPU.ActiveCfg = Release|Any CPU
		{6436D84E-24B8-4975-865B-833CFA48C454}.Release|Any CPU.Build.0 = Release|Any CPU
		{6436D84E-24B8-4975-865B-833CFA48C454}.Release|x64.ActiveCfg = Release|Any CPU
		{6436D84E-24B8-4975-865B-833CFA48C454}.Release|x64.Build.0 = Release|Any CPU
		{6436D84E-24B8-4975-865B-833CFA48C454}.Release|x86.ActiveCfg = Release|Any CPU
		{6436D84E-24B8-4975-865B-833CFA48C454}.Release|x86.Build.0 = Release|Any CPU
		{1040E874-E462-4CFE-9B6D-818680128DD8}.Debug|Any CPU.ActiveCfg = Debug|Any CPU
		{1040E874-E462-4CFE-9B6D-818680128DD8}.Debug|Any CPU.Build.0 = Debug|Any CPU
		{1040E874-E462-4CFE-9B6D-818680128DD8}.Debug|x64.ActiveCfg = Debug|Any CPU
		{1040E874-E462-4CFE-9B6D-818680128DD8}.Debug|x64.Build.0 = Debug|Any CPU
		{1040E874-E462-4CFE-9B6D-818680128DD8}.Debug|x86.ActiveCfg = Debug|Any CPU
		{1040E874-E462-4CFE-9B6D-818680128DD8}.Debug|x86.Build.0 = Debug|Any CPU
		{1040E874-E462-4CFE-9B6D-818680128DD8}.Release|Any CPU.ActiveCfg = Release|Any CPU
		{1040E874-E462-4CFE-9B6D-818680128DD8}.Release|Any CPU.Build.0 = Release|Any CPU
		{1040E874-E462-4CFE-9B6D-818680128DD8}.Release|x64.ActiveCfg = Release|Any CPU
		{1040E874-E462-4CFE-9B6D-818680128DD8}.Release|x64.Build.0 = Release|Any CPU
		{1040E874-E462-4CFE-9B6D-818680128DD8}.Release|x86.ActiveCfg = Release|Any CPU
		{1040E874-E462-4CFE-9B6D-818680128DD8}.Release|x86.Build.0 = Release|Any CPU
		{BFD9CF91-D724-4BEC-99F0-F7A486A058CB}.Debug|Any CPU.ActiveCfg = Debug|Any CPU
		{BFD9CF91-D724-4BEC-99F0-F7A486A058CB}.Debug|Any CPU.Build.0 = Debug|Any CPU
		{BFD9CF91-D724-4BEC-99F0-F7A486A058CB}.Debug|x64.ActiveCfg = Debug|Any CPU
		{BFD9CF91-D724-4BEC-99F0-F7A486A058CB}.Debug|x64.Build.0 = Debug|Any CPU
		{BFD9CF91-D724-4BEC-99F0-F7A486A058CB}.Debug|x86.ActiveCfg = Debug|Any CPU
		{BFD9CF91-D724-4BEC-99F0-F7A486A058CB}.Debug|x86.Build.0 = Debug|Any CPU
		{BFD9CF91-D724-4BEC-99F0-F7A486A058CB}.Release|Any CPU.ActiveCfg = Release|Any CPU
		{BFD9CF91-D724-4BEC-99F0-F7A486A058CB}.Release|Any CPU.Build.0 = Release|Any CPU
		{BFD9CF91-D724-4BEC-99F0-F7A486A058CB}.Release|x64.ActiveCfg = Release|Any CPU
		{BFD9CF91-D724-4BEC-99F0-F7A486A058CB}.Release|x64.Build.0 = Release|Any CPU
		{BFD9CF91-D724-4BEC-99F0-F7A486A058CB}.Release|x86.ActiveCfg = Release|Any CPU
		{BFD9CF91-D724-4BEC-99F0-F7A486A058CB}.Release|x86.Build.0 = Release|Any CPU
	EndGlobalSection
	GlobalSection(SolutionProperties) = preSolution
		HideSolutionNode = FALSE
	EndGlobalSection
	GlobalSection(NestedProjects) = preSolution
		{91D9B69E-F06F-4CBA-8A3B-06CB2944AED0} = {61CDB374-FF06-476E-B4C8-42A76CB792D6}
		{131F4B03-24D1-4BAD-93DE-4DAE4E0FE643} = {61CDB374-FF06-476E-B4C8-42A76CB792D6}
		{6436D84E-24B8-4975-865B-833CFA48C454} = {61CDB374-FF06-476E-B4C8-42A76CB792D6}
		{1040E874-E462-4CFE-9B6D-818680128DD8} = {61CDB374-FF06-476E-B4C8-42A76CB792D6}
		{BFD9CF91-D724-4BEC-99F0-F7A486A058CB} = {61CDB374-FF06-476E-B4C8-42A76CB792D6}
	EndGlobalSection
	GlobalSection(ExtensibilityGlobals) = postSolution
		SolutionGuid = {A2A6BC3E-329C-4B44-9B8F-2F481FD39591}
	EndGlobalSection
EndGlobal
