
Microsoft Visual Studio Solution File, Format Version 12.00
# Visual Studio Version 16
VisualStudioVersion = 16.6.30114.105
MinimumVisualStudioVersion = 10.0.40219.1
Project("{FAE04EC0-301F-11D3-BF4B-00C04F79EFBC}") = "R5T.D0097.A001", "R5T.D0097.A001\R5T.D0097.A001.csproj", "{89897664-FD89-4C74-8FE5-9B7BFB6596BF}"
EndProject
Project("{FAE04EC0-301F-11D3-BF4B-00C04F79EFBC}") = "R5T.D0097.I001", "R5T.D0097.I001\R5T.D0097.I001.csproj", "{49CD08C2-CFA0-4FE6-A909-C9F1B7987CA6}"
EndProject
Project("{FAE04EC0-301F-11D3-BF4B-00C04F79EFBC}") = "R5T.D0097.Base", "R5T.D0097.Base\R5T.D0097.Base.csproj", "{BF22CA03-99AB-4D54-A2BD-A94D8DC6EEAE}"
EndProject
Project("{2150E333-8FDC-42A3-9474-1A3956D46DE8}") = "_Dependencies", "_Dependencies", "{7DD00FA1-F0D4-4777-9D9B-9C749EBB9DA0}"
EndProject
Project("{FAE04EC0-301F-11D3-BF4B-00C04F79EFBC}") = "R5T.Dacia.Extensions", "..\..\R5T.Dacia.Extensions\source\R5T.Dacia.Extensions\R5T.Dacia.Extensions.csproj", "{B801FA36-B6BE-47DD-B4AD-C4D7AEC7D2BA}"
EndProject
Project("{FAE04EC0-301F-11D3-BF4B-00C04F79EFBC}") = "R5T.Dacia.T002", "..\..\R5T.Dacia\source\R5T.Dacia.T002\R5T.Dacia.T002.csproj", "{E86876FB-001D-464A-9891-70AB4FC9CDD8}"
EndProject
Global
	GlobalSection(SolutionConfigurationPlatforms) = preSolution
		Debug|Any CPU = Debug|Any CPU
		Debug|x64 = Debug|x64
		Debug|x86 = Debug|x86
		Release|Any CPU = Release|Any CPU
		Release|x64 = Release|x64
		Release|x86 = Release|x86
	EndGlobalSection
	GlobalSection(SolutionProperties) = preSolution
		HideSolutionNode = FALSE
	EndGlobalSection
	GlobalSection(ProjectConfigurationPlatforms) = postSolution
		{89897664-FD89-4C74-8FE5-9B7BFB6596BF}.Debug|Any CPU.ActiveCfg = Debug|Any CPU
		{89897664-FD89-4C74-8FE5-9B7BFB6596BF}.Debug|Any CPU.Build.0 = Debug|Any CPU
		{89897664-FD89-4C74-8FE5-9B7BFB6596BF}.Debug|x64.ActiveCfg = Debug|Any CPU
		{89897664-FD89-4C74-8FE5-9B7BFB6596BF}.Debug|x64.Build.0 = Debug|Any CPU
		{89897664-FD89-4C74-8FE5-9B7BFB6596BF}.Debug|x86.ActiveCfg = Debug|Any CPU
		{89897664-FD89-4C74-8FE5-9B7BFB6596BF}.Debug|x86.Build.0 = Debug|Any CPU
		{89897664-FD89-4C74-8FE5-9B7BFB6596BF}.Release|Any CPU.ActiveCfg = Release|Any CPU
		{89897664-FD89-4C74-8FE5-9B7BFB6596BF}.Release|Any CPU.Build.0 = Release|Any CPU
		{89897664-FD89-4C74-8FE5-9B7BFB6596BF}.Release|x64.ActiveCfg = Release|Any CPU
		{89897664-FD89-4C74-8FE5-9B7BFB6596BF}.Release|x64.Build.0 = Release|Any CPU
		{89897664-FD89-4C74-8FE5-9B7BFB6596BF}.Release|x86.ActiveCfg = Release|Any CPU
		{89897664-FD89-4C74-8FE5-9B7BFB6596BF}.Release|x86.Build.0 = Release|Any CPU
		{49CD08C2-CFA0-4FE6-A909-C9F1B7987CA6}.Debug|Any CPU.ActiveCfg = Debug|Any CPU
		{49CD08C2-CFA0-4FE6-A909-C9F1B7987CA6}.Debug|Any CPU.Build.0 = Debug|Any CPU
		{49CD08C2-CFA0-4FE6-A909-C9F1B7987CA6}.Debug|x64.ActiveCfg = Debug|Any CPU
		{49CD08C2-CFA0-4FE6-A909-C9F1B7987CA6}.Debug|x64.Build.0 = Debug|Any CPU
		{49CD08C2-CFA0-4FE6-A909-C9F1B7987CA6}.Debug|x86.ActiveCfg = Debug|Any CPU
		{49CD08C2-CFA0-4FE6-A909-C9F1B7987CA6}.Debug|x86.Build.0 = Debug|Any CPU
		{49CD08C2-CFA0-4FE6-A909-C9F1B7987CA6}.Release|Any CPU.ActiveCfg = Release|Any CPU
		{49CD08C2-CFA0-4FE6-A909-C9F1B7987CA6}.Release|Any CPU.Build.0 = Release|Any CPU
		{49CD08C2-CFA0-4FE6-A909-C9F1B7987CA6}.Release|x64.ActiveCfg = Release|Any CPU
		{49CD08C2-CFA0-4FE6-A909-C9F1B7987CA6}.Release|x64.Build.0 = Release|Any CPU
		{49CD08C2-CFA0-4FE6-A909-C9F1B7987CA6}.Release|x86.ActiveCfg = Release|Any CPU
		{49CD08C2-CFA0-4FE6-A909-C9F1B7987CA6}.Release|x86.Build.0 = Release|Any CPU
		{BF22CA03-99AB-4D54-A2BD-A94D8DC6EEAE}.Debug|Any CPU.ActiveCfg = Debug|Any CPU
		{BF22CA03-99AB-4D54-A2BD-A94D8DC6EEAE}.Debug|Any CPU.Build.0 = Debug|Any CPU
		{BF22CA03-99AB-4D54-A2BD-A94D8DC6EEAE}.Debug|x64.ActiveCfg = Debug|Any CPU
		{BF22CA03-99AB-4D54-A2BD-A94D8DC6EEAE}.Debug|x64.Build.0 = Debug|Any CPU
		{BF22CA03-99AB-4D54-A2BD-A94D8DC6EEAE}.Debug|x86.ActiveCfg = Debug|Any CPU
		{BF22CA03-99AB-4D54-A2BD-A94D8DC6EEAE}.Debug|x86.Build.0 = Debug|Any CPU
		{BF22CA03-99AB-4D54-A2BD-A94D8DC6EEAE}.Release|Any CPU.ActiveCfg = Release|Any CPU
		{BF22CA03-99AB-4D54-A2BD-A94D8DC6EEAE}.Release|Any CPU.Build.0 = Release|Any CPU
		{BF22CA03-99AB-4D54-A2BD-A94D8DC6EEAE}.Release|x64.ActiveCfg = Release|Any CPU
		{BF22CA03-99AB-4D54-A2BD-A94D8DC6EEAE}.Release|x64.Build.0 = Release|Any CPU
		{BF22CA03-99AB-4D54-A2BD-A94D8DC6EEAE}.Release|x86.ActiveCfg = Release|Any CPU
		{BF22CA03-99AB-4D54-A2BD-A94D8DC6EEAE}.Release|x86.Build.0 = Release|Any CPU
		{B801FA36-B6BE-47DD-B4AD-C4D7AEC7D2BA}.Debug|Any CPU.ActiveCfg = Debug|Any CPU
		{B801FA36-B6BE-47DD-B4AD-C4D7AEC7D2BA}.Debug|Any CPU.Build.0 = Debug|Any CPU
		{B801FA36-B6BE-47DD-B4AD-C4D7AEC7D2BA}.Debug|x64.ActiveCfg = Debug|Any CPU
		{B801FA36-B6BE-47DD-B4AD-C4D7AEC7D2BA}.Debug|x64.Build.0 = Debug|Any CPU
		{B801FA36-B6BE-47DD-B4AD-C4D7AEC7D2BA}.Debug|x86.ActiveCfg = Debug|Any CPU
		{B801FA36-B6BE-47DD-B4AD-C4D7AEC7D2BA}.Debug|x86.Build.0 = Debug|Any CPU
		{B801FA36-B6BE-47DD-B4AD-C4D7AEC7D2BA}.Release|Any CPU.ActiveCfg = Release|Any CPU
		{B801FA36-B6BE-47DD-B4AD-C4D7AEC7D2BA}.Release|Any CPU.Build.0 = Release|Any CPU
		{B801FA36-B6BE-47DD-B4AD-C4D7AEC7D2BA}.Release|x64.ActiveCfg = Release|Any CPU
		{B801FA36-B6BE-47DD-B4AD-C4D7AEC7D2BA}.Release|x64.Build.0 = Release|Any CPU
		{B801FA36-B6BE-47DD-B4AD-C4D7AEC7D2BA}.Release|x86.ActiveCfg = Release|Any CPU
		{B801FA36-B6BE-47DD-B4AD-C4D7AEC7D2BA}.Release|x86.Build.0 = Release|Any CPU
		{E86876FB-001D-464A-9891-70AB4FC9CDD8}.Debug|Any CPU.ActiveCfg = Debug|Any CPU
		{E86876FB-001D-464A-9891-70AB4FC9CDD8}.Debug|Any CPU.Build.0 = Debug|Any CPU
		{E86876FB-001D-464A-9891-70AB4FC9CDD8}.Debug|x64.ActiveCfg = Debug|Any CPU
		{E86876FB-001D-464A-9891-70AB4FC9CDD8}.Debug|x64.Build.0 = Debug|Any CPU
		{E86876FB-001D-464A-9891-70AB4FC9CDD8}.Debug|x86.ActiveCfg = Debug|Any CPU
		{E86876FB-001D-464A-9891-70AB4FC9CDD8}.Debug|x86.Build.0 = Debug|Any CPU
		{E86876FB-001D-464A-9891-70AB4FC9CDD8}.Release|Any CPU.ActiveCfg = Release|Any CPU
		{E86876FB-001D-464A-9891-70AB4FC9CDD8}.Release|Any CPU.Build.0 = Release|Any CPU
		{E86876FB-001D-464A-9891-70AB4FC9CDD8}.Release|x64.ActiveCfg = Release|Any CPU
		{E86876FB-001D-464A-9891-70AB4FC9CDD8}.Release|x64.Build.0 = Release|Any CPU
		{E86876FB-001D-464A-9891-70AB4FC9CDD8}.Release|x86.ActiveCfg = Release|Any CPU
		{E86876FB-001D-464A-9891-70AB4FC9CDD8}.Release|x86.Build.0 = Release|Any CPU
	EndGlobalSection
	GlobalSection(NestedProjects) = preSolution
		{B801FA36-B6BE-47DD-B4AD-C4D7AEC7D2BA} = {7DD00FA1-F0D4-4777-9D9B-9C749EBB9DA0}
		{E86876FB-001D-464A-9891-70AB4FC9CDD8} = {7DD00FA1-F0D4-4777-9D9B-9C749EBB9DA0}
	EndGlobalSection
EndGlobal
