
Microsoft Visual Studio Solution File, Format Version 12.00
# Visual Studio Version 17
VisualStudioVersion = 17.2.32630.192
MinimumVisualStudioVersion = 10.0.40219.1
Project("{FAE04EC0-301F-11D3-BF4B-00C04F79EFBC}") = "R5T.D0097.A001", "R5T.D0097.A001\R5T.D0097.A001.csproj", "{89897664-FD89-4C74-8FE5-9B7BFB6596BF}"
EndProject
Project("{FAE04EC0-301F-11D3-BF4B-00C04F79EFBC}") = "R5T.D0097.I001", "R5T.D0097.I001\R5T.D0097.I001.csproj", "{49CD08C2-CFA0-4FE6-A909-C9F1B7987CA6}"
EndProject
Project("{FAE04EC0-301F-11D3-BF4B-00C04F79EFBC}") = "R5T.D0097.Base", "R5T.D0097.Base\R5T.D0097.Base.csproj", "{BF22CA03-99AB-4D54-A2BD-A94D8DC6EEAE}"
EndProject
Project("{2150E333-8FDC-42A3-9474-1A3956D46DE8}") = "_Dependencies", "_Dependencies", "{7DD00FA1-F0D4-4777-9D9B-9C749EBB9DA0}"
EndProject
Project("{FAE04EC0-301F-11D3-BF4B-00C04F79EFBC}") = "R5T.Dacia.Extensions", "..\..\R5T.Dacia.Extensions\source\R5T.Dacia.Extensions\R5T.Dacia.Extensions.csproj", "{B801FA36-B6BE-47DD-B4AD-C4D7AEC7D2BA}"
EndProject
Project("{FAE04EC0-301F-11D3-BF4B-00C04F79EFBC}") = "R5T.Dacia.T002", "..\..\R5T.Dacia\source\R5T.Dacia.T002\R5T.Dacia.T002.csproj", "{E86876FB-001D-464A-9891-70AB4FC9CDD8}"
EndProject
Project("{9A19103F-16F7-4668-BE54-9A1E7A4F7556}") = "R5T.Dacia", "..\..\R5T.Dacia\source\R5T.Dacia\R5T.Dacia.csproj", "{372D89CF-8C4C-4B55-BA41-A1EAFBE1F6D5}"
EndProject
Project("{9A19103F-16F7-4668-BE54-9A1E7A4F7556}") = "R5T.L0013", "..\..\R5T.L0013\source\R5T.L0013\R5T.L0013.csproj", "{1EDAE379-E32F-4371-BED6-30BCA84E40DC}"
EndProject
Project("{9A19103F-16F7-4668-BE54-9A1E7A4F7556}") = "R5T.L0019", "..\..\R5T.L0019\source\R5T.L0019\R5T.L0019.csproj", "{1DFF7087-328E-4492-8F52-7455A51A17C6}"
EndProject
Project("{9A19103F-16F7-4668-BE54-9A1E7A4F7556}") = "R5T.Magyar", "..\..\R5T.Magyar\source\R5T.Magyar\R5T.Magyar.csproj", "{0F125D41-E03A-4B11-8ECC-16C4678B425D}"
EndProject
Project("{9A19103F-16F7-4668-BE54-9A1E7A4F7556}") = "R5T.T0039.T002", "..\..\R5T.T0039\source\R5T.T0039.T002\R5T.T0039.T002.csproj", "{C1CF7CFB-6DF3-480C-B54C-E9176955D091}"
EndProject
Project("{9A19103F-16F7-4668-BE54-9A1E7A4F7556}") = "R5T.T0062.X001", "..\..\R5T.T0062\source\R5T.T0062.X001\R5T.T0062.X001.csproj", "{AF5B9C74-4A4A-43F1-BE2D-C3F087BC3FB8}"
EndProject
Project("{9A19103F-16F7-4668-BE54-9A1E7A4F7556}") = "R5T.T0062", "..\..\R5T.T0062\source\R5T.T0062\R5T.T0062.csproj", "{5979BDA2-4201-4C88-9345-41BB82B31E13}"
EndProject
Project("{9A19103F-16F7-4668-BE54-9A1E7A4F7556}") = "R5T.T0063", "..\..\R5T.T0063\source\R5T.T0063\R5T.T0063.csproj", "{B37E2F74-3EA7-41D2-99A3-A4D7F93AC919}"
EndProject
Project("{9A19103F-16F7-4668-BE54-9A1E7A4F7556}") = "R5T.T0064", "..\..\R5T.T0064\source\R5T.T0064\R5T.T0064.csproj", "{6DA88AA7-FDDF-49E8-8DA0-15A1C0FCDEFF}"
EndProject
Project("{9A19103F-16F7-4668-BE54-9A1E7A4F7556}") = "R5T.T0090", "..\..\R5T.T0090\source\R5T.T0090\R5T.T0090.csproj", "{B95A151D-4DC1-48FE-9B85-E15FD653E997}"
EndProject
Project("{9A19103F-16F7-4668-BE54-9A1E7A4F7556}") = "R5T.T0143", "..\..\R5T.T0143\source\R5T.T0143\R5T.T0143.csproj", "{9CB50E46-B123-41A0-9CED-DE2B6D25B4D8}"
EndProject
Global
	GlobalSection(NestedProjects) = preSolution
		{B801FA36-B6BE-47DD-B4AD-C4D7AEC7D2BA} = {7DD00FA1-F0D4-4777-9D9B-9C749EBB9DA0}
		{E86876FB-001D-464A-9891-70AB4FC9CDD8} = {7DD00FA1-F0D4-4777-9D9B-9C749EBB9DA0}
		{372D89CF-8C4C-4B55-BA41-A1EAFBE1F6D5} = {7DD00FA1-F0D4-4777-9D9B-9C749EBB9DA0}
		{1EDAE379-E32F-4371-BED6-30BCA84E40DC} = {7DD00FA1-F0D4-4777-9D9B-9C749EBB9DA0}
		{1DFF7087-328E-4492-8F52-7455A51A17C6} = {7DD00FA1-F0D4-4777-9D9B-9C749EBB9DA0}
		{0F125D41-E03A-4B11-8ECC-16C4678B425D} = {7DD00FA1-F0D4-4777-9D9B-9C749EBB9DA0}
		{C1CF7CFB-6DF3-480C-B54C-E9176955D091} = {7DD00FA1-F0D4-4777-9D9B-9C749EBB9DA0}
		{AF5B9C74-4A4A-43F1-BE2D-C3F087BC3FB8} = {7DD00FA1-F0D4-4777-9D9B-9C749EBB9DA0}
		{5979BDA2-4201-4C88-9345-41BB82B31E13} = {7DD00FA1-F0D4-4777-9D9B-9C749EBB9DA0}
		{B37E2F74-3EA7-41D2-99A3-A4D7F93AC919} = {7DD00FA1-F0D4-4777-9D9B-9C749EBB9DA0}
		{6DA88AA7-FDDF-49E8-8DA0-15A1C0FCDEFF} = {7DD00FA1-F0D4-4777-9D9B-9C749EBB9DA0}
		{B95A151D-4DC1-48FE-9B85-E15FD653E997} = {7DD00FA1-F0D4-4777-9D9B-9C749EBB9DA0}
		{9CB50E46-B123-41A0-9CED-DE2B6D25B4D8} = {7DD00FA1-F0D4-4777-9D9B-9C749EBB9DA0}
	EndGlobalSection
	GlobalSection(SolutionConfigurationPlatforms) = preSolution
		Debug|Any CPU = Debug|Any CPU
		Debug|x64 = Debug|x64
		Debug|x86 = Debug|x86
		Release|Any CPU = Release|Any CPU
		Release|x64 = Release|x64
		Release|x86 = Release|x86
	EndGlobalSection
	GlobalSection(ProjectConfigurationPlatforms) = postSolution
		{89897664-FD89-4C74-8FE5-9B7BFB6596BF}.Debug|Any CPU.ActiveCfg = Debug|Any CPU
		{89897664-FD89-4C74-8FE5-9B7BFB6596BF}.Debug|Any CPU.Build.0 = Debug|Any CPU
		{89897664-FD89-4C74-8FE5-9B7BFB6596BF}.Debug|x64.ActiveCfg = Debug|Any CPU
		{89897664-FD89-4C74-8FE5-9B7BFB6596BF}.Debug|x64.Build.0 = Debug|Any CPU
		{89897664-FD89-4C74-8FE5-9B7BFB6596BF}.Debug|x86.ActiveCfg = Debug|Any CPU
		{89897664-FD89-4C74-8FE5-9B7BFB6596BF}.Debug|x86.Build.0 = Debug|Any CPU
		{89897664-FD89-4C74-8FE5-9B7BFB6596BF}.Release|Any CPU.ActiveCfg = Release|Any CPU
		{89897664-FD89-4C74-8FE5-9B7BFB6596BF}.Release|Any CPU.Build.0 = Release|Any CPU
		{89897664-FD89-4C74-8FE5-9B7BFB6596BF}.Release|x64.ActiveCfg = Release|Any CPU
		{89897664-FD89-4C74-8FE5-9B7BFB6596BF}.Release|x64.Build.0 = Release|Any CPU
		{89897664-FD89-4C74-8FE5-9B7BFB6596BF}.Release|x86.ActiveCfg = Release|Any CPU
		{89897664-FD89-4C74-8FE5-9B7BFB6596BF}.Release|x86.Build.0 = Release|Any CPU
		{49CD08C2-CFA0-4FE6-A909-C9F1B7987CA6}.Debug|Any CPU.ActiveCfg = Debug|Any CPU
		{49CD08C2-CFA0-4FE6-A909-C9F1B7987CA6}.Debug|Any CPU.Build.0 = Debug|Any CPU
		{49CD08C2-CFA0-4FE6-A909-C9F1B7987CA6}.Debug|x64.ActiveCfg = Debug|Any CPU
		{49CD08C2-CFA0-4FE6-A909-C9F1B7987CA6}.Debug|x64.Build.0 = Debug|Any CPU
		{49CD08C2-CFA0-4FE6-A909-C9F1B7987CA6}.Debug|x86.ActiveCfg = Debug|Any CPU
		{49CD08C2-CFA0-4FE6-A909-C9F1B7987CA6}.Debug|x86.Build.0 = Debug|Any CPU
		{49CD08C2-CFA0-4FE6-A909-C9F1B7987CA6}.Release|Any CPU.ActiveCfg = Release|Any CPU
		{49CD08C2-CFA0-4FE6-A909-C9F1B7987CA6}.Release|Any CPU.Build.0 = Release|Any CPU
		{49CD08C2-CFA0-4FE6-A909-C9F1B7987CA6}.Release|x64.ActiveCfg = Release|Any CPU
		{49CD08C2-CFA0-4FE6-A909-C9F1B7987CA6}.Release|x64.Build.0 = Release|Any CPU
		{49CD08C2-CFA0-4FE6-A909-C9F1B7987CA6}.Release|x86.ActiveCfg = Release|Any CPU
		{49CD08C2-CFA0-4FE6-A909-C9F1B7987CA6}.Release|x86.Build.0 = Release|Any CPU
		{BF22CA03-99AB-4D54-A2BD-A94D8DC6EEAE}.Debug|Any CPU.ActiveCfg = Debug|Any CPU
		{BF22CA03-99AB-4D54-A2BD-A94D8DC6EEAE}.Debug|Any CPU.Build.0 = Debug|Any CPU
		{BF22CA03-99AB-4D54-A2BD-A94D8DC6EEAE}.Debug|x64.ActiveCfg = Debug|Any CPU
		{BF22CA03-99AB-4D54-A2BD-A94D8DC6EEAE}.Debug|x64.Build.0 = Debug|Any CPU
		{BF22CA03-99AB-4D54-A2BD-A94D8DC6EEAE}.Debug|x86.ActiveCfg = Debug|Any CPU
		{BF22CA03-99AB-4D54-A2BD-A94D8DC6EEAE}.Debug|x86.Build.0 = Debug|Any CPU
		{BF22CA03-99AB-4D54-A2BD-A94D8DC6EEAE}.Release|Any CPU.ActiveCfg = Release|Any CPU
		{BF22CA03-99AB-4D54-A2BD-A94D8DC6EEAE}.Release|Any CPU.Build.0 = Release|Any CPU
		{BF22CA03-99AB-4D54-A2BD-A94D8DC6EEAE}.Release|x64.ActiveCfg = Release|Any CPU
		{BF22CA03-99AB-4D54-A2BD-A94D8DC6EEAE}.Release|x64.Build.0 = Release|Any CPU
		{BF22CA03-99AB-4D54-A2BD-A94D8DC6EEAE}.Release|x86.ActiveCfg = Release|Any CPU
		{BF22CA03-99AB-4D54-A2BD-A94D8DC6EEAE}.Release|x86.Build.0 = Release|Any CPU
		{B801FA36-B6BE-47DD-B4AD-C4D7AEC7D2BA}.Debug|Any CPU.ActiveCfg = Debug|Any CPU
		{B801FA36-B6BE-47DD-B4AD-C4D7AEC7D2BA}.Debug|Any CPU.Build.0 = Debug|Any CPU
		{B801FA36-B6BE-47DD-B4AD-C4D7AEC7D2BA}.Debug|x64.ActiveCfg = Debug|Any CPU
		{B801FA36-B6BE-47DD-B4AD-C4D7AEC7D2BA}.Debug|x64.Build.0 = Debug|Any CPU
		{B801FA36-B6BE-47DD-B4AD-C4D7AEC7D2BA}.Debug|x86.ActiveCfg = Debug|Any CPU
		{B801FA36-B6BE-47DD-B4AD-C4D7AEC7D2BA}.Debug|x86.Build.0 = Debug|Any CPU
		{B801FA36-B6BE-47DD-B4AD-C4D7AEC7D2BA}.Release|Any CPU.ActiveCfg = Release|Any CPU
		{B801FA36-B6BE-47DD-B4AD-C4D7AEC7D2BA}.Release|Any CPU.Build.0 = Release|Any CPU
		{B801FA36-B6BE-47DD-B4AD-C4D7AEC7D2BA}.Release|x64.ActiveCfg = Release|Any CPU
		{B801FA36-B6BE-47DD-B4AD-C4D7AEC7D2BA}.Release|x64.Build.0 = Release|Any CPU
		{B801FA36-B6BE-47DD-B4AD-C4D7AEC7D2BA}.Release|x86.ActiveCfg = Release|Any CPU
		{B801FA36-B6BE-47DD-B4AD-C4D7AEC7D2BA}.Release|x86.Build.0 = Release|Any CPU
		{E86876FB-001D-464A-9891-70AB4FC9CDD8}.Debug|Any CPU.ActiveCfg = Debug|Any CPU
		{E86876FB-001D-464A-9891-70AB4FC9CDD8}.Debug|Any CPU.Build.0 = Debug|Any CPU
		{E86876FB-001D-464A-9891-70AB4FC9CDD8}.Debug|x64.ActiveCfg = Debug|Any CPU
		{E86876FB-001D-464A-9891-70AB4FC9CDD8}.Debug|x64.Build.0 = Debug|Any CPU
		{E86876FB-001D-464A-9891-70AB4FC9CDD8}.Debug|x86.ActiveCfg = Debug|Any CPU
		{E86876FB-001D-464A-9891-70AB4FC9CDD8}.Debug|x86.Build.0 = Debug|Any CPU
		{E86876FB-001D-464A-9891-70AB4FC9CDD8}.Release|Any CPU.ActiveCfg = Release|Any CPU
		{E86876FB-001D-464A-9891-70AB4FC9CDD8}.Release|Any CPU.Build.0 = Release|Any CPU
		{E86876FB-001D-464A-9891-70AB4FC9CDD8}.Release|x64.ActiveCfg = Release|Any CPU
		{E86876FB-001D-464A-9891-70AB4FC9CDD8}.Release|x64.Build.0 = Release|Any CPU
		{E86876FB-001D-464A-9891-70AB4FC9CDD8}.Release|x86.ActiveCfg = Release|Any CPU
		{E86876FB-001D-464A-9891-70AB4FC9CDD8}.Release|x86.Build.0 = Release|Any CPU
		{372D89CF-8C4C-4B55-BA41-A1EAFBE1F6D5}.Debug|Any CPU.ActiveCfg = Debug|Any CPU
		{372D89CF-8C4C-4B55-BA41-A1EAFBE1F6D5}.Debug|Any CPU.Build.0 = Debug|Any CPU
		{372D89CF-8C4C-4B55-BA41-A1EAFBE1F6D5}.Debug|x64.ActiveCfg = Debug|Any CPU
		{372D89CF-8C4C-4B55-BA41-A1EAFBE1F6D5}.Debug|x64.Build.0 = Debug|Any CPU
		{372D89CF-8C4C-4B55-BA41-A1EAFBE1F6D5}.Debug|x86.ActiveCfg = Debug|Any CPU
		{372D89CF-8C4C-4B55-BA41-A1EAFBE1F6D5}.Debug|x86.Build.0 = Debug|Any CPU
		{372D89CF-8C4C-4B55-BA41-A1EAFBE1F6D5}.Release|Any CPU.ActiveCfg = Release|Any CPU
		{372D89CF-8C4C-4B55-BA41-A1EAFBE1F6D5}.Release|Any CPU.Build.0 = Release|Any CPU
		{372D89CF-8C4C-4B55-BA41-A1EAFBE1F6D5}.Release|x64.ActiveCfg = Release|Any CPU
		{372D89CF-8C4C-4B55-BA41-A1EAFBE1F6D5}.Release|x64.Build.0 = Release|Any CPU
		{372D89CF-8C4C-4B55-BA41-A1EAFBE1F6D5}.Release|x86.ActiveCfg = Release|Any CPU
		{372D89CF-8C4C-4B55-BA41-A1EAFBE1F6D5}.Release|x86.Build.0 = Release|Any CPU
		{1EDAE379-E32F-4371-BED6-30BCA84E40DC}.Debug|Any CPU.ActiveCfg = Debug|Any CPU
		{1EDAE379-E32F-4371-BED6-30BCA84E40DC}.Debug|Any CPU.Build.0 = Debug|Any CPU
		{1EDAE379-E32F-4371-BED6-30BCA84E40DC}.Debug|x64.ActiveCfg = Debug|Any CPU
		{1EDAE379-E32F-4371-BED6-30BCA84E40DC}.Debug|x64.Build.0 = Debug|Any CPU
		{1EDAE379-E32F-4371-BED6-30BCA84E40DC}.Debug|x86.ActiveCfg = Debug|Any CPU
		{1EDAE379-E32F-4371-BED6-30BCA84E40DC}.Debug|x86.Build.0 = Debug|Any CPU
		{1EDAE379-E32F-4371-BED6-30BCA84E40DC}.Release|Any CPU.ActiveCfg = Release|Any CPU
		{1EDAE379-E32F-4371-BED6-30BCA84E40DC}.Release|Any CPU.Build.0 = Release|Any CPU
		{1EDAE379-E32F-4371-BED6-30BCA84E40DC}.Release|x64.ActiveCfg = Release|Any CPU
		{1EDAE379-E32F-4371-BED6-30BCA84E40DC}.Release|x64.Build.0 = Release|Any CPU
		{1EDAE379-E32F-4371-BED6-30BCA84E40DC}.Release|x86.ActiveCfg = Release|Any CPU
		{1EDAE379-E32F-4371-BED6-30BCA84E40DC}.Release|x86.Build.0 = Release|Any CPU
		{1DFF7087-328E-4492-8F52-7455A51A17C6}.Debug|Any CPU.ActiveCfg = Debug|Any CPU
		{1DFF7087-328E-4492-8F52-7455A51A17C6}.Debug|Any CPU.Build.0 = Debug|Any CPU
		{1DFF7087-328E-4492-8F52-7455A51A17C6}.Debug|x64.ActiveCfg = Debug|Any CPU
		{1DFF7087-328E-4492-8F52-7455A51A17C6}.Debug|x64.Build.0 = Debug|Any CPU
		{1DFF7087-328E-4492-8F52-7455A51A17C6}.Debug|x86.ActiveCfg = Debug|Any CPU
		{1DFF7087-328E-4492-8F52-7455A51A17C6}.Debug|x86.Build.0 = Debug|Any CPU
		{1DFF7087-328E-4492-8F52-7455A51A17C6}.Release|Any CPU.ActiveCfg = Release|Any CPU
		{1DFF7087-328E-4492-8F52-7455A51A17C6}.Release|Any CPU.Build.0 = Release|Any CPU
		{1DFF7087-328E-4492-8F52-7455A51A17C6}.Release|x64.ActiveCfg = Release|Any CPU
		{1DFF7087-328E-4492-8F52-7455A51A17C6}.Release|x64.Build.0 = Release|Any CPU
		{1DFF7087-328E-4492-8F52-7455A51A17C6}.Release|x86.ActiveCfg = Release|Any CPU
		{1DFF7087-328E-4492-8F52-7455A51A17C6}.Release|x86.Build.0 = Release|Any CPU
		{0F125D41-E03A-4B11-8ECC-16C4678B425D}.Debug|Any CPU.ActiveCfg = Debug|Any CPU
		{0F125D41-E03A-4B11-8ECC-16C4678B425D}.Debug|Any CPU.Build.0 = Debug|Any CPU
		{0F125D41-E03A-4B11-8ECC-16C4678B425D}.Debug|x64.ActiveCfg = Debug|Any CPU
		{0F125D41-E03A-4B11-8ECC-16C4678B425D}.Debug|x64.Build.0 = Debug|Any CPU
		{0F125D41-E03A-4B11-8ECC-16C4678B425D}.Debug|x86.ActiveCfg = Debug|Any CPU
		{0F125D41-E03A-4B11-8ECC-16C4678B425D}.Debug|x86.Build.0 = Debug|Any CPU
		{0F125D41-E03A-4B11-8ECC-16C4678B425D}.Release|Any CPU.ActiveCfg = Release|Any CPU
		{0F125D41-E03A-4B11-8ECC-16C4678B425D}.Release|Any CPU.Build.0 = Release|Any CPU
		{0F125D41-E03A-4B11-8ECC-16C4678B425D}.Release|x64.ActiveCfg = Release|Any CPU
		{0F125D41-E03A-4B11-8ECC-16C4678B425D}.Release|x64.Build.0 = Release|Any CPU
		{0F125D41-E03A-4B11-8ECC-16C4678B425D}.Release|x86.ActiveCfg = Release|Any CPU
		{0F125D41-E03A-4B11-8ECC-16C4678B425D}.Release|x86.Build.0 = Release|Any CPU
		{C1CF7CFB-6DF3-480C-B54C-E9176955D091}.Debug|Any CPU.ActiveCfg = Debug|Any CPU
		{C1CF7CFB-6DF3-480C-B54C-E9176955D091}.Debug|Any CPU.Build.0 = Debug|Any CPU
		{C1CF7CFB-6DF3-480C-B54C-E9176955D091}.Debug|x64.ActiveCfg = Debug|Any CPU
		{C1CF7CFB-6DF3-480C-B54C-E9176955D091}.Debug|x64.Build.0 = Debug|Any CPU
		{C1CF7CFB-6DF3-480C-B54C-E9176955D091}.Debug|x86.ActiveCfg = Debug|Any CPU
		{C1CF7CFB-6DF3-480C-B54C-E9176955D091}.Debug|x86.Build.0 = Debug|Any CPU
		{C1CF7CFB-6DF3-480C-B54C-E9176955D091}.Release|Any CPU.ActiveCfg = Release|Any CPU
		{C1CF7CFB-6DF3-480C-B54C-E9176955D091}.Release|Any CPU.Build.0 = Release|Any CPU
		{C1CF7CFB-6DF3-480C-B54C-E9176955D091}.Release|x64.ActiveCfg = Release|Any CPU
		{C1CF7CFB-6DF3-480C-B54C-E9176955D091}.Release|x64.Build.0 = Release|Any CPU
		{C1CF7CFB-6DF3-480C-B54C-E9176955D091}.Release|x86.ActiveCfg = Release|Any CPU
		{C1CF7CFB-6DF3-480C-B54C-E9176955D091}.Release|x86.Build.0 = Release|Any CPU
		{AF5B9C74-4A4A-43F1-BE2D-C3F087BC3FB8}.Debug|Any CPU.ActiveCfg = Debug|Any CPU
		{AF5B9C74-4A4A-43F1-BE2D-C3F087BC3FB8}.Debug|Any CPU.Build.0 = Debug|Any CPU
		{AF5B9C74-4A4A-43F1-BE2D-C3F087BC3FB8}.Debug|x64.ActiveCfg = Debug|Any CPU
		{AF5B9C74-4A4A-43F1-BE2D-C3F087BC3FB8}.Debug|x64.Build.0 = Debug|Any CPU
		{AF5B9C74-4A4A-43F1-BE2D-C3F087BC3FB8}.Debug|x86.ActiveCfg = Debug|Any CPU
		{AF5B9C74-4A4A-43F1-BE2D-C3F087BC3FB8}.Debug|x86.Build.0 = Debug|Any CPU
		{AF5B9C74-4A4A-43F1-BE2D-C3F087BC3FB8}.Release|Any CPU.ActiveCfg = Release|Any CPU
		{AF5B9C74-4A4A-43F1-BE2D-C3F087BC3FB8}.Release|Any CPU.Build.0 = Release|Any CPU
		{AF5B9C74-4A4A-43F1-BE2D-C3F087BC3FB8}.Release|x64.ActiveCfg = Release|Any CPU
		{AF5B9C74-4A4A-43F1-BE2D-C3F087BC3FB8}.Release|x64.Build.0 = Release|Any CPU
		{AF5B9C74-4A4A-43F1-BE2D-C3F087BC3FB8}.Release|x86.ActiveCfg = Release|Any CPU
		{AF5B9C74-4A4A-43F1-BE2D-C3F087BC3FB8}.Release|x86.Build.0 = Release|Any CPU
		{5979BDA2-4201-4C88-9345-41BB82B31E13}.Debug|Any CPU.ActiveCfg = Debug|Any CPU
		{5979BDA2-4201-4C88-9345-41BB82B31E13}.Debug|Any CPU.Build.0 = Debug|Any CPU
		{5979BDA2-4201-4C88-9345-41BB82B31E13}.Debug|x64.ActiveCfg = Debug|Any CPU
		{5979BDA2-4201-4C88-9345-41BB82B31E13}.Debug|x64.Build.0 = Debug|Any CPU
		{5979BDA2-4201-4C88-9345-41BB82B31E13}.Debug|x86.ActiveCfg = Debug|Any CPU
		{5979BDA2-4201-4C88-9345-41BB82B31E13}.Debug|x86.Build.0 = Debug|Any CPU
		{5979BDA2-4201-4C88-9345-41BB82B31E13}.Release|Any CPU.ActiveCfg = Release|Any CPU
		{5979BDA2-4201-4C88-9345-41BB82B31E13}.Release|Any CPU.Build.0 = Release|Any CPU
		{5979BDA2-4201-4C88-9345-41BB82B31E13}.Release|x64.ActiveCfg = Release|Any CPU
		{5979BDA2-4201-4C88-9345-41BB82B31E13}.Release|x64.Build.0 = Release|Any CPU
		{5979BDA2-4201-4C88-9345-41BB82B31E13}.Release|x86.ActiveCfg = Release|Any CPU
		{5979BDA2-4201-4C88-9345-41BB82B31E13}.Release|x86.Build.0 = Release|Any CPU
		{B37E2F74-3EA7-41D2-99A3-A4D7F93AC919}.Debug|Any CPU.ActiveCfg = Debug|Any CPU
		{B37E2F74-3EA7-41D2-99A3-A4D7F93AC919}.Debug|Any CPU.Build.0 = Debug|Any CPU
		{B37E2F74-3EA7-41D2-99A3-A4D7F93AC919}.Debug|x64.ActiveCfg = Debug|Any CPU
		{B37E2F74-3EA7-41D2-99A3-A4D7F93AC919}.Debug|x64.Build.0 = Debug|Any CPU
		{B37E2F74-3EA7-41D2-99A3-A4D7F93AC919}.Debug|x86.ActiveCfg = Debug|Any CPU
		{B37E2F74-3EA7-41D2-99A3-A4D7F93AC919}.Debug|x86.Build.0 = Debug|Any CPU
		{B37E2F74-3EA7-41D2-99A3-A4D7F93AC919}.Release|Any CPU.ActiveCfg = Release|Any CPU
		{B37E2F74-3EA7-41D2-99A3-A4D7F93AC919}.Release|Any CPU.Build.0 = Release|Any CPU
		{B37E2F74-3EA7-41D2-99A3-A4D7F93AC919}.Release|x64.ActiveCfg = Release|Any CPU
		{B37E2F74-3EA7-41D2-99A3-A4D7F93AC919}.Release|x64.Build.0 = Release|Any CPU
		{B37E2F74-3EA7-41D2-99A3-A4D7F93AC919}.Release|x86.ActiveCfg = Release|Any CPU
		{B37E2F74-3EA7-41D2-99A3-A4D7F93AC919}.Release|x86.Build.0 = Release|Any CPU
		{6DA88AA7-FDDF-49E8-8DA0-15A1C0FCDEFF}.Debug|Any CPU.ActiveCfg = Debug|Any CPU
		{6DA88AA7-FDDF-49E8-8DA0-15A1C0FCDEFF}.Debug|Any CPU.Build.0 = Debug|Any CPU
		{6DA88AA7-FDDF-49E8-8DA0-15A1C0FCDEFF}.Debug|x64.ActiveCfg = Debug|Any CPU
		{6DA88AA7-FDDF-49E8-8DA0-15A1C0FCDEFF}.Debug|x64.Build.0 = Debug|Any CPU
		{6DA88AA7-FDDF-49E8-8DA0-15A1C0FCDEFF}.Debug|x86.ActiveCfg = Debug|Any CPU
		{6DA88AA7-FDDF-49E8-8DA0-15A1C0FCDEFF}.Debug|x86.Build.0 = Debug|Any CPU
		{6DA88AA7-FDDF-49E8-8DA0-15A1C0FCDEFF}.Release|Any CPU.ActiveCfg = Release|Any CPU
		{6DA88AA7-FDDF-49E8-8DA0-15A1C0FCDEFF}.Release|Any CPU.Build.0 = Release|Any CPU
		{6DA88AA7-FDDF-49E8-8DA0-15A1C0FCDEFF}.Release|x64.ActiveCfg = Release|Any CPU
		{6DA88AA7-FDDF-49E8-8DA0-15A1C0FCDEFF}.Release|x64.Build.0 = Release|Any CPU
		{6DA88AA7-FDDF-49E8-8DA0-15A1C0FCDEFF}.Release|x86.ActiveCfg = Release|Any CPU
		{6DA88AA7-FDDF-49E8-8DA0-15A1C0FCDEFF}.Release|x86.Build.0 = Release|Any CPU
		{B95A151D-4DC1-48FE-9B85-E15FD653E997}.Debug|Any CPU.ActiveCfg = Debug|Any CPU
		{B95A151D-4DC1-48FE-9B85-E15FD653E997}.Debug|Any CPU.Build.0 = Debug|Any CPU
		{B95A151D-4DC1-48FE-9B85-E15FD653E997}.Debug|x64.ActiveCfg = Debug|Any CPU
		{B95A151D-4DC1-48FE-9B85-E15FD653E997}.Debug|x64.Build.0 = Debug|Any CPU
		{B95A151D-4DC1-48FE-9B85-E15FD653E997}.Debug|x86.ActiveCfg = Debug|Any CPU
		{B95A151D-4DC1-48FE-9B85-E15FD653E997}.Debug|x86.Build.0 = Debug|Any CPU
		{B95A151D-4DC1-48FE-9B85-E15FD653E997}.Release|Any CPU.ActiveCfg = Release|Any CPU
		{B95A151D-4DC1-48FE-9B85-E15FD653E997}.Release|Any CPU.Build.0 = Release|Any CPU
		{B95A151D-4DC1-48FE-9B85-E15FD653E997}.Release|x64.ActiveCfg = Release|Any CPU
		{B95A151D-4DC1-48FE-9B85-E15FD653E997}.Release|x64.Build.0 = Release|Any CPU
		{B95A151D-4DC1-48FE-9B85-E15FD653E997}.Release|x86.ActiveCfg = Release|Any CPU
		{B95A151D-4DC1-48FE-9B85-E15FD653E997}.Release|x86.Build.0 = Release|Any CPU
		{9CB50E46-B123-41A0-9CED-DE2B6D25B4D8}.Debug|Any CPU.ActiveCfg = Debug|Any CPU
		{9CB50E46-B123-41A0-9CED-DE2B6D25B4D8}.Debug|Any CPU.Build.0 = Debug|Any CPU
		{9CB50E46-B123-41A0-9CED-DE2B6D25B4D8}.Debug|x64.ActiveCfg = Debug|Any CPU
		{9CB50E46-B123-41A0-9CED-DE2B6D25B4D8}.Debug|x64.Build.0 = Debug|Any CPU
		{9CB50E46-B123-41A0-9CED-DE2B6D25B4D8}.Debug|x86.ActiveCfg = Debug|Any CPU
		{9CB50E46-B123-41A0-9CED-DE2B6D25B4D8}.Debug|x86.Build.0 = Debug|Any CPU
		{9CB50E46-B123-41A0-9CED-DE2B6D25B4D8}.Release|Any CPU.ActiveCfg = Release|Any CPU
		{9CB50E46-B123-41A0-9CED-DE2B6D25B4D8}.Release|Any CPU.Build.0 = Release|Any CPU
		{9CB50E46-B123-41A0-9CED-DE2B6D25B4D8}.Release|x64.ActiveCfg = Release|Any CPU
		{9CB50E46-B123-41A0-9CED-DE2B6D25B4D8}.Release|x64.Build.0 = Release|Any CPU
		{9CB50E46-B123-41A0-9CED-DE2B6D25B4D8}.Release|x86.ActiveCfg = Release|Any CPU
		{9CB50E46-B123-41A0-9CED-DE2B6D25B4D8}.Release|x86.Build.0 = Release|Any CPU
	EndGlobalSection
	GlobalSection(SolutionProperties) = preSolution
		HideSolutionNode = FALSE
	EndGlobalSection
EndGlobal
