
Microsoft Visual Studio Solution File, Format Version 12.00
# Visual Studio Version 16
VisualStudioVersion = 16.6.30114.105
MinimumVisualStudioVersion = 10.0.40219.1
Project("{FAE04EC0-301F-11D3-BF4B-00C04F79EFBC}") = "R5T.D0097.Construction", "R5T.D0097.Construction\R5T.D0097.Construction.csproj", "{AAE29913-04E1-4B61-9E81-D695C0DACA25}"
EndProject
Project("{2150E333-8FDC-42A3-9474-1A3956D46DE8}") = "_Dependencies", "_Dependencies", "{37A8E8BB-E221-4EDC-A3CE-EAEC80C30624}"
EndProject
Project("{FAE04EC0-301F-11D3-BF4B-00C04F79EFBC}") = "R5T.Plymouth.ProgramAsAService", "..\..\R5T.Plymouth\source\R5T.Plymouth.ProgramAsAService\R5T.Plymouth.ProgramAsAService.csproj", "{64CD88B7-C47A-4AEE-B4A2-F705974C23DD}"
EndProject
Project("{FAE04EC0-301F-11D3-BF4B-00C04F79EFBC}") = "R5T.T0027.T009", "..\..\R5T.T0027\source\R5T.T0027.T009\R5T.T0027.T009.csproj", "{9027009C-26B9-444E-8B96-E7FC0B53DD7D}"
EndProject
Project("{FAE04EC0-301F-11D3-BF4B-00C04F79EFBC}") = "R5T.D0097.I001", "R5T.D0097.I001\R5T.D0097.I001.csproj", "{5B7D738B-3B0B-48FC-8E58-857D9B6790F4}"
EndProject
Project("{FAE04EC0-301F-11D3-BF4B-00C04F79EFBC}") = "R5T.D0097.Base", "R5T.D0097.Base\R5T.D0097.Base.csproj", "{DBC5AB15-BBC9-407C-A850-7E00B6E14181}"
EndProject
Project("{FAE04EC0-301F-11D3-BF4B-00C04F79EFBC}") = "R5T.Dacia.Extensions", "..\..\R5T.Dacia.Extensions\source\R5T.Dacia.Extensions\R5T.Dacia.Extensions.csproj", "{929AA54B-7E08-4A4A-AC7E-2CE288F60B4C}"
EndProject
Project("{FAE04EC0-301F-11D3-BF4B-00C04F79EFBC}") = "R5T.Dacia.T002", "..\..\R5T.Dacia\source\R5T.Dacia.T002\R5T.Dacia.T002.csproj", "{3EFA0AB6-8D66-4E54-8250-CF1A907F08D4}"
EndProject
Global
	GlobalSection(SolutionConfigurationPlatforms) = preSolution
		Debug|Any CPU = Debug|Any CPU
		Debug|x64 = Debug|x64
		Debug|x86 = Debug|x86
		Release|Any CPU = Release|Any CPU
		Release|x64 = Release|x64
		Release|x86 = Release|x86
	EndGlobalSection
	GlobalSection(SolutionProperties) = preSolution
		HideSolutionNode = FALSE
	EndGlobalSection
	GlobalSection(ProjectConfigurationPlatforms) = postSolution
		{AAE29913-04E1-4B61-9E81-D695C0DACA25}.Debug|Any CPU.ActiveCfg = Debug|Any CPU
		{AAE29913-04E1-4B61-9E81-D695C0DACA25}.Debug|Any CPU.Build.0 = Debug|Any CPU
		{AAE29913-04E1-4B61-9E81-D695C0DACA25}.Debug|x64.ActiveCfg = Debug|Any CPU
		{AAE29913-04E1-4B61-9E81-D695C0DACA25}.Debug|x64.Build.0 = Debug|Any CPU
		{AAE29913-04E1-4B61-9E81-D695C0DACA25}.Debug|x86.ActiveCfg = Debug|Any CPU
		{AAE29913-04E1-4B61-9E81-D695C0DACA25}.Debug|x86.Build.0 = Debug|Any CPU
		{AAE29913-04E1-4B61-9E81-D695C0DACA25}.Release|Any CPU.ActiveCfg = Release|Any CPU
		{AAE29913-04E1-4B61-9E81-D695C0DACA25}.Release|Any CPU.Build.0 = Release|Any CPU
		{AAE29913-04E1-4B61-9E81-D695C0DACA25}.Release|x64.ActiveCfg = Release|Any CPU
		{AAE29913-04E1-4B61-9E81-D695C0DACA25}.Release|x64.Build.0 = Release|Any CPU
		{AAE29913-04E1-4B61-9E81-D695C0DACA25}.Release|x86.ActiveCfg = Release|Any CPU
		{AAE29913-04E1-4B61-9E81-D695C0DACA25}.Release|x86.Build.0 = Release|Any CPU
		{64CD88B7-C47A-4AEE-B4A2-F705974C23DD}.Debug|Any CPU.ActiveCfg = Debug|Any CPU
		{64CD88B7-C47A-4AEE-B4A2-F705974C23DD}.Debug|Any CPU.Build.0 = Debug|Any CPU
		{64CD88B7-C47A-4AEE-B4A2-F705974C23DD}.Debug|x64.ActiveCfg = Debug|Any CPU
		{64CD88B7-C47A-4AEE-B4A2-F705974C23DD}.Debug|x64.Build.0 = Debug|Any CPU
		{64CD88B7-C47A-4AEE-B4A2-F705974C23DD}.Debug|x86.ActiveCfg = Debug|Any CPU
		{64CD88B7-C47A-4AEE-B4A2-F705974C23DD}.Debug|x86.Build.0 = Debug|Any CPU
		{64CD88B7-C47A-4AEE-B4A2-F705974C23DD}.Release|Any CPU.ActiveCfg = Release|Any CPU
		{64CD88B7-C47A-4AEE-B4A2-F705974C23DD}.Release|Any CPU.Build.0 = Release|Any CPU
		{64CD88B7-C47A-4AEE-B4A2-F705974C23DD}.Release|x64.ActiveCfg = Release|Any CPU
		{64CD88B7-C47A-4AEE-B4A2-F705974C23DD}.Release|x64.Build.0 = Release|Any CPU
		{64CD88B7-C47A-4AEE-B4A2-F705974C23DD}.Release|x86.ActiveCfg = Release|Any CPU
		{64CD88B7-C47A-4AEE-B4A2-F705974C23DD}.Release|x86.Build.0 = Release|Any CPU
		{9027009C-26B9-444E-8B96-E7FC0B53DD7D}.Debug|Any CPU.ActiveCfg = Debug|Any CPU
		{9027009C-26B9-444E-8B96-E7FC0B53DD7D}.Debug|Any CPU.Build.0 = Debug|Any CPU
		{9027009C-26B9-444E-8B96-E7FC0B53DD7D}.Debug|x64.ActiveCfg = Debug|Any CPU
		{9027009C-26B9-444E-8B96-E7FC0B53DD7D}.Debug|x64.Build.0 = Debug|Any CPU
		{9027009C-26B9-444E-8B96-E7FC0B53DD7D}.Debug|x86.ActiveCfg = Debug|Any CPU
		{9027009C-26B9-444E-8B96-E7FC0B53DD7D}.Debug|x86.Build.0 = Debug|Any CPU
		{9027009C-26B9-444E-8B96-E7FC0B53DD7D}.Release|Any CPU.ActiveCfg = Release|Any CPU
		{9027009C-26B9-444E-8B96-E7FC0B53DD7D}.Release|Any CPU.Build.0 = Release|Any CPU
		{9027009C-26B9-444E-8B96-E7FC0B53DD7D}.Release|x64.ActiveCfg = Release|Any CPU
		{9027009C-26B9-444E-8B96-E7FC0B53DD7D}.Release|x64.Build.0 = Release|Any CPU
		{9027009C-26B9-444E-8B96-E7FC0B53DD7D}.Release|x86.ActiveCfg = Release|Any CPU
		{9027009C-26B9-444E-8B96-E7FC0B53DD7D}.Release|x86.Build.0 = Release|Any CPU
		{5B7D738B-3B0B-48FC-8E58-857D9B6790F4}.Debug|Any CPU.ActiveCfg = Debug|Any CPU
		{5B7D738B-3B0B-48FC-8E58-857D9B6790F4}.Debug|Any CPU.Build.0 = Debug|Any CPU
		{5B7D738B-3B0B-48FC-8E58-857D9B6790F4}.Debug|x64.ActiveCfg = Debug|Any CPU
		{5B7D738B-3B0B-48FC-8E58-857D9B6790F4}.Debug|x64.Build.0 = Debug|Any CPU
		{5B7D738B-3B0B-48FC-8E58-857D9B6790F4}.Debug|x86.ActiveCfg = Debug|Any CPU
		{5B7D738B-3B0B-48FC-8E58-857D9B6790F4}.Debug|x86.Build.0 = Debug|Any CPU
		{5B7D738B-3B0B-48FC-8E58-857D9B6790F4}.Release|Any CPU.ActiveCfg = Release|Any CPU
		{5B7D738B-3B0B-48FC-8E58-857D9B6790F4}.Release|Any CPU.Build.0 = Release|Any CPU
		{5B7D738B-3B0B-48FC-8E58-857D9B6790F4}.Release|x64.ActiveCfg = Release|Any CPU
		{5B7D738B-3B0B-48FC-8E58-857D9B6790F4}.Release|x64.Build.0 = Release|Any CPU
		{5B7D738B-3B0B-48FC-8E58-857D9B6790F4}.Release|x86.ActiveCfg = Release|Any CPU
		{5B7D738B-3B0B-48FC-8E58-857D9B6790F4}.Release|x86.Build.0 = Release|Any CPU
		{DBC5AB15-BBC9-407C-A850-7E00B6E14181}.Debug|Any CPU.ActiveCfg = Debug|Any CPU
		{DBC5AB15-BBC9-407C-A850-7E00B6E14181}.Debug|Any CPU.Build.0 = Debug|Any CPU
		{DBC5AB15-BBC9-407C-A850-7E00B6E14181}.Debug|x64.ActiveCfg = Debug|Any CPU
		{DBC5AB15-BBC9-407C-A850-7E00B6E14181}.Debug|x64.Build.0 = Debug|Any CPU
		{DBC5AB15-BBC9-407C-A850-7E00B6E14181}.Debug|x86.ActiveCfg = Debug|Any CPU
		{DBC5AB15-BBC9-407C-A850-7E00B6E14181}.Debug|x86.Build.0 = Debug|Any CPU
		{DBC5AB15-BBC9-407C-A850-7E00B6E14181}.Release|Any CPU.ActiveCfg = Release|Any CPU
		{DBC5AB15-BBC9-407C-A850-7E00B6E14181}.Release|Any CPU.Build.0 = Release|Any CPU
		{DBC5AB15-BBC9-407C-A850-7E00B6E14181}.Release|x64.ActiveCfg = Release|Any CPU
		{DBC5AB15-BBC9-407C-A850-7E00B6E14181}.Release|x64.Build.0 = Release|Any CPU
		{DBC5AB15-BBC9-407C-A850-7E00B6E14181}.Release|x86.ActiveCfg = Release|Any CPU
		{DBC5AB15-BBC9-407C-A850-7E00B6E14181}.Release|x86.Build.0 = Release|Any CPU
		{929AA54B-7E08-4A4A-AC7E-2CE288F60B4C}.Debug|Any CPU.ActiveCfg = Debug|Any CPU
		{929AA54B-7E08-4A4A-AC7E-2CE288F60B4C}.Debug|Any CPU.Build.0 = Debug|Any CPU
		{929AA54B-7E08-4A4A-AC7E-2CE288F60B4C}.Debug|x64.ActiveCfg = Debug|Any CPU
		{929AA54B-7E08-4A4A-AC7E-2CE288F60B4C}.Debug|x64.Build.0 = Debug|Any CPU
		{929AA54B-7E08-4A4A-AC7E-2CE288F60B4C}.Debug|x86.ActiveCfg = Debug|Any CPU
		{929AA54B-7E08-4A4A-AC7E-2CE288F60B4C}.Debug|x86.Build.0 = Debug|Any CPU
		{929AA54B-7E08-4A4A-AC7E-2CE288F60B4C}.Release|Any CPU.ActiveCfg = Release|Any CPU
		{929AA54B-7E08-4A4A-AC7E-2CE288F60B4C}.Release|Any CPU.Build.0 = Release|Any CPU
		{929AA54B-7E08-4A4A-AC7E-2CE288F60B4C}.Release|x64.ActiveCfg = Release|Any CPU
		{929AA54B-7E08-4A4A-AC7E-2CE288F60B4C}.Release|x64.Build.0 = Release|Any CPU
		{929AA54B-7E08-4A4A-AC7E-2CE288F60B4C}.Release|x86.ActiveCfg = Release|Any CPU
		{929AA54B-7E08-4A4A-AC7E-2CE288F60B4C}.Release|x86.Build.0 = Release|Any CPU
		{3EFA0AB6-8D66-4E54-8250-CF1A907F08D4}.Debug|Any CPU.ActiveCfg = Debug|Any CPU
		{3EFA0AB6-8D66-4E54-8250-CF1A907F08D4}.Debug|Any CPU.Build.0 = Debug|Any CPU
		{3EFA0AB6-8D66-4E54-8250-CF1A907F08D4}.Debug|x64.ActiveCfg = Debug|Any CPU
		{3EFA0AB6-8D66-4E54-8250-CF1A907F08D4}.Debug|x64.Build.0 = Debug|Any CPU
		{3EFA0AB6-8D66-4E54-8250-CF1A907F08D4}.Debug|x86.ActiveCfg = Debug|Any CPU
		{3EFA0AB6-8D66-4E54-8250-CF1A907F08D4}.Debug|x86.Build.0 = Debug|Any CPU
		{3EFA0AB6-8D66-4E54-8250-CF1A907F08D4}.Release|Any CPU.ActiveCfg = Release|Any CPU
		{3EFA0AB6-8D66-4E54-8250-CF1A907F08D4}.Release|Any CPU.Build.0 = Release|Any CPU
		{3EFA0AB6-8D66-4E54-8250-CF1A907F08D4}.Release|x64.ActiveCfg = Release|Any CPU
		{3EFA0AB6-8D66-4E54-8250-CF1A907F08D4}.Release|x64.Build.0 = Release|Any CPU
		{3EFA0AB6-8D66-4E54-8250-CF1A907F08D4}.Release|x86.ActiveCfg = Release|Any CPU
		{3EFA0AB6-8D66-4E54-8250-CF1A907F08D4}.Release|x86.Build.0 = Release|Any CPU
	EndGlobalSection
	GlobalSection(NestedProjects) = preSolution
		{64CD88B7-C47A-4AEE-B4A2-F705974C23DD} = {37A8E8BB-E221-4EDC-A3CE-EAEC80C30624}
		{9027009C-26B9-444E-8B96-E7FC0B53DD7D} = {37A8E8BB-E221-4EDC-A3CE-EAEC80C30624}
		{929AA54B-7E08-4A4A-AC7E-2CE288F60B4C} = {37A8E8BB-E221-4EDC-A3CE-EAEC80C30624}
		{3EFA0AB6-8D66-4E54-8250-CF1A907F08D4} = {37A8E8BB-E221-4EDC-A3CE-EAEC80C30624}
	EndGlobalSection
EndGlobal
